{
  "name": "dnstwist-ts",
  "version": "1.0.0",
  "lockfileVersion": 3,
  "requires": true,
  "packages": {
    "": {
      "name": "dnstwist-ts",
      "version": "1.0.0",
      "license": "MIT",
      "dependencies": {
        "tlds": "^1.240.0",
        "tldts": "^7.0.14"
      },
      "devDependencies": {
        "@types/node": "^20.0.0",
        "typescript": "^5.0.0"
      },
      "engines": {
        "node": ">=14.0.0"
      }
    },
    "node_modules/@types/node": {
      "version": "20.19.17",
      "resolved": "https://registry.npmjs.org/@types/node/-/node-20.19.17.tgz",
      "integrity": "sha512-gfehUI8N1z92kygssiuWvLiwcbOB3IRktR6hTDgJlXMYh5OvkPSRmgfoBUmfZt+vhwJtX7v1Yw4KvvAf7c5QKQ==",
      "dev": true,
      "license": "MIT",
      "dependencies": {
        "undici-types": "~6.21.0"
      }
    },
    "node_modules/tlds": {
      "version": "1.260.0",
      "resolved": "https://registry.npmjs.org/tlds/-/tlds-1.260.0.tgz",
      "integrity": "sha512-78+28EWBhCEE7qlyaHA9OR3IPvbCLiDh3Ckla593TksfFc9vfTsgvH7eS+dr3o9qr31gwGbogcI16yN91PoRjQ==",
      "license": "MIT",
      "bin": {
        "tlds": "bin.js"
      }
    },
    "node_modules/tldts": {
      "version": "7.0.14",
      "resolved": "https://registry.npmjs.org/tldts/-/tldts-7.0.14.tgz",
      "integrity": "sha512-lMNHE4aSI3LlkMUMicTmAG3tkkitjOQGDTFboPJwAg2kJXKP1ryWEyqujktg5qhrFZOkk5YFzgkxg3jErE+i5w==",
      "license": "MIT",
      "dependencies": {
        "tldts-core": "^7.0.14"
      },
      "bin": {
        "tldts": "bin/cli.js"
      }
    },
    "node_modules/tldts-core": {
      "version": "7.0.14",
      "resolved": "https://registry.npmjs.org/tldts-core/-/tldts-core-7.0.14.tgz",
      "integrity": "sha512-viZGNK6+NdluOJWwTO9olaugx0bkKhscIdriQQ+lNNhwitIKvb+SvhbYgnCz6j9p7dX3cJntt4agQAKMXLjJ5g==",
      "license": "MIT"
    },
    "node_modules/typescript": {
      "version": "5.9.2",
      "resolved": "https://registry.npmjs.org/typescript/-/typescript-5.9.2.tgz",
      "integrity": "sha512-CWBzXQrc/qOkhidw1OzBTQuYRbfyxDXJMVJ1XNwUHGROVmuaeiEm3OslpZ1RV96d7SKKjZKrSJu3+t/xlw3R9A==",
      "dev": true,
      "license": "Apache-2.0",
      "bin": {
        "tsc": "bin/tsc",
        "tsserver": "bin/tsserver"
      },
      "engines": {
        "node": ">=14.17"
      }
    },
    "node_modules/undici-types": {
      "version": "6.21.0",
      "resolved": "https://registry.npmjs.org/undici-types/-/undici-types-6.21.0.tgz",
      "integrity": "sha512-iwDZqg0QAGrg9Rav5H4n0M64c3mkR59cJ6wQp+7C4nI0gsmExaedaYLNO44eT4AtBBwjbTiGPMlt2Md0T9H9JQ==",
      "dev": true,
      "license": "MIT"
    }
  }
}
